
Microsoft Visual Studio Solution File, Format Version 12.00
# Visual Studio Version 17
VisualStudioVersion = 17.9.34728.123
MinimumVisualStudioVersion = 10.0.40219.1
Project("{FAE04EC0-301F-11D3-BF4B-00C04F79EFBC}") = "WindowsFormsApp1_Q1", "WindowsFormsApp1_Q1\WindowsFormsApp1_Q1.csproj", "{2FA4ADF8-D1C1-462F-938D-35C9E65F4B38}"
EndProject
Global
	GlobalSection(SolutionConfigurationPlatforms) = preSolution
		Debug|Any CPU = Debug|Any CPU
		Release|Any CPU = Release|Any CPU
	EndGlobalSection
	GlobalSection(ProjectConfigurationPlatforms) = postSolution
		{2FA4ADF8-D1C1-462F-938D-35C9E65F4B38}.Debug|Any CPU.ActiveCfg = Debug|Any CPU
		{2FA4ADF8-D1C1-462F-938D-35C9E65F4B38}.Debug|Any CPU.Build.0 = Debug|Any CPU
		{2FA4ADF8-D1C1-462F-938D-35C9E65F4B38}.Release|Any CPU.ActiveCfg = Release|Any CPU
		{2FA4ADF8-D1C1-462F-938D-35C9E65F4B38}.Release|Any CPU.Build.0 = Release|Any CPU
	EndGlobalSection
	GlobalSection(SolutionProperties) = preSolution
		HideSolutionNode = FALSE
	EndGlobalSection
	GlobalSection(ExtensibilityGlobals) = postSolution
		SolutionGuid = {852CBFB9-7DCB-49B7-AF3E-0BE34835A170}
	EndGlobalSection
EndGlobal
