
Microsoft Visual Studio Solution File, Format Version 12.00
# Visual Studio Version 17
VisualStudioVersion = 17.8.34511.84
MinimumVisualStudioVersion = 10.0.40219.1
Project("{FAE04EC0-301F-11D3-BF4B-00C04F79EFBC}") = "C_Sharp_Lab_2024_02_14__LabSheet_3_Q1", "C_Sharp_Lab_2024_02_14__LabSheet_3_Q1\C_Sharp_Lab_2024_02_14__LabSheet_3_Q1.csproj", "{B420F391-6EB7-4AD4-A27B-6C9267C58808}"
EndProject
Global
	GlobalSection(SolutionConfigurationPlatforms) = preSolution
		Debug|Any CPU = Debug|Any CPU
		Release|Any CPU = Release|Any CPU
	EndGlobalSection
	GlobalSection(ProjectConfigurationPlatforms) = postSolution
		{B420F391-6EB7-4AD4-A27B-6C9267C58808}.Debug|Any CPU.ActiveCfg = Debug|Any CPU
		{B420F391-6EB7-4AD4-A27B-6C9267C58808}.Debug|Any CPU.Build.0 = Debug|Any CPU
		{B420F391-6EB7-4AD4-A27B-6C9267C58808}.Release|Any CPU.ActiveCfg = Release|Any CPU
		{B420F391-6EB7-4AD4-A27B-6C9267C58808}.Release|Any CPU.Build.0 = Release|Any CPU
	EndGlobalSection
	GlobalSection(SolutionProperties) = preSolution
		HideSolutionNode = FALSE
	EndGlobalSection
	GlobalSection(ExtensibilityGlobals) = postSolution
		SolutionGuid = {1E000F33-EE5C-4701-BD2F-9D69F16B6A59}
	EndGlobalSection
EndGlobal
