
Microsoft Visual Studio Solution File, Format Version 12.00
# Visual Studio Version 17
VisualStudioVersion = 17.8.34511.84
MinimumVisualStudioVersion = 10.0.40219.1
Project("{FAE04EC0-301F-11D3-BF4B-00C04F79EFBC}") = "C_Sharp_Lab_2024_02_14__Q1", "C_Sharp_Lab_2024_02_14__Q1\C_Sharp_Lab_2024_02_14__Q1.csproj", "{9E34C602-E802-43A9-9E29-0D9E03258516}"
EndProject
Global
	GlobalSection(SolutionConfigurationPlatforms) = preSolution
		Debug|Any CPU = Debug|Any CPU
		Release|Any CPU = Release|Any CPU
	EndGlobalSection
	GlobalSection(ProjectConfigurationPlatforms) = postSolution
		{9E34C602-E802-43A9-9E29-0D9E03258516}.Debug|Any CPU.ActiveCfg = Debug|Any CPU
		{9E34C602-E802-43A9-9E29-0D9E03258516}.Debug|Any CPU.Build.0 = Debug|Any CPU
		{9E34C602-E802-43A9-9E29-0D9E03258516}.Release|Any CPU.ActiveCfg = Release|Any CPU
		{9E34C602-E802-43A9-9E29-0D9E03258516}.Release|Any CPU.Build.0 = Release|Any CPU
	EndGlobalSection
	GlobalSection(SolutionProperties) = preSolution
		HideSolutionNode = FALSE
	EndGlobalSection
	GlobalSection(ExtensibilityGlobals) = postSolution
		SolutionGuid = {D899EF84-5920-45BC-B4EE-6705BEEF1229}
	EndGlobalSection
EndGlobal
