
Microsoft Visual Studio Solution File, Format Version 12.00
# Visual Studio Version 17
VisualStudioVersion = 17.8.34511.84
MinimumVisualStudioVersion = 10.0.40219.1
Project("{FAE04EC0-301F-11D3-BF4B-00C04F79EFBC}") = "C_Sharp_Lab_2024_02_07__Q1", "C_Sharp_Lab_2024_02_07__Q1\C_Sharp_Lab_2024_02_07__Q1.csproj", "{05B1D585-99A1-4B29-A1B0-46BD797968FF}"
EndProject
Global
	GlobalSection(SolutionConfigurationPlatforms) = preSolution
		Debug|Any CPU = Debug|Any CPU
		Release|Any CPU = Release|Any CPU
	EndGlobalSection
	GlobalSection(ProjectConfigurationPlatforms) = postSolution
		{05B1D585-99A1-4B29-A1B0-46BD797968FF}.Debug|Any CPU.ActiveCfg = Debug|Any CPU
		{05B1D585-99A1-4B29-A1B0-46BD797968FF}.Debug|Any CPU.Build.0 = Debug|Any CPU
		{05B1D585-99A1-4B29-A1B0-46BD797968FF}.Release|Any CPU.ActiveCfg = Release|Any CPU
		{05B1D585-99A1-4B29-A1B0-46BD797968FF}.Release|Any CPU.Build.0 = Release|Any CPU
	EndGlobalSection
	GlobalSection(SolutionProperties) = preSolution
		HideSolutionNode = FALSE
	EndGlobalSection
	GlobalSection(ExtensibilityGlobals) = postSolution
		SolutionGuid = {07ABE34B-4072-487B-A744-4FA720463B72}
	EndGlobalSection
EndGlobal
