
Microsoft Visual Studio Solution File, Format Version 12.00
# Visual Studio Version 17
VisualStudioVersion = 17.8.34511.84
MinimumVisualStudioVersion = 10.0.40219.1
Project("{FAE04EC0-301F-11D3-BF4B-00C04F79EFBC}") = "C_Sharp_Lab_2024_30_13__Q1", "C_Sharp_Lab_2024_30_13__Q1\C_Sharp_Lab_2024_30_13__Q1.csproj", "{BA2B7D39-A779-4ECB-B735-125AFAA59A5B}"
EndProject
Global
	GlobalSection(SolutionConfigurationPlatforms) = preSolution
		Debug|Any CPU = Debug|Any CPU
		Release|Any CPU = Release|Any CPU
	EndGlobalSection
	GlobalSection(ProjectConfigurationPlatforms) = postSolution
		{BA2B7D39-A779-4ECB-B735-125AFAA59A5B}.Debug|Any CPU.ActiveCfg = Debug|Any CPU
		{BA2B7D39-A779-4ECB-B735-125AFAA59A5B}.Debug|Any CPU.Build.0 = Debug|Any CPU
		{BA2B7D39-A779-4ECB-B735-125AFAA59A5B}.Release|Any CPU.ActiveCfg = Release|Any CPU
		{BA2B7D39-A779-4ECB-B735-125AFAA59A5B}.Release|Any CPU.Build.0 = Release|Any CPU
	EndGlobalSection
	GlobalSection(SolutionProperties) = preSolution
		HideSolutionNode = FALSE
	EndGlobalSection
	GlobalSection(ExtensibilityGlobals) = postSolution
		SolutionGuid = {F9BC6E96-2C7B-4CE8-9F0B-E00A37AE1DB2}
	EndGlobalSection
EndGlobal
