
Microsoft Visual Studio Solution File, Format Version 12.00
# Visual Studio Version 17
VisualStudioVersion = 17.8.34511.84
MinimumVisualStudioVersion = 10.0.40219.1
Project("{FAE04EC0-301F-11D3-BF4B-00C04F79EFBC}") = "C_Sharp_Lab_2024_02_21__Q2", "C_Sharp_Lab_2024_02_21__Q2\C_Sharp_Lab_2024_02_21__Q2.csproj", "{0A331B2E-E800-43E8-ADC1-8158FE73D2D4}"
EndProject
Global
	GlobalSection(SolutionConfigurationPlatforms) = preSolution
		Debug|Any CPU = Debug|Any CPU
		Release|Any CPU = Release|Any CPU
	EndGlobalSection
	GlobalSection(ProjectConfigurationPlatforms) = postSolution
		{0A331B2E-E800-43E8-ADC1-8158FE73D2D4}.Debug|Any CPU.ActiveCfg = Debug|Any CPU
		{0A331B2E-E800-43E8-ADC1-8158FE73D2D4}.Debug|Any CPU.Build.0 = Debug|Any CPU
		{0A331B2E-E800-43E8-ADC1-8158FE73D2D4}.Release|Any CPU.ActiveCfg = Release|Any CPU
		{0A331B2E-E800-43E8-ADC1-8158FE73D2D4}.Release|Any CPU.Build.0 = Release|Any CPU
	EndGlobalSection
	GlobalSection(SolutionProperties) = preSolution
		HideSolutionNode = FALSE
	EndGlobalSection
	GlobalSection(ExtensibilityGlobals) = postSolution
		SolutionGuid = {9863D4C4-C653-4F8A-AE87-A7D2941E27CE}
	EndGlobalSection
EndGlobal
