
Microsoft Visual Studio Solution File, Format Version 12.00
# Visual Studio Version 17
VisualStudioVersion = 17.8.34511.84
MinimumVisualStudioVersion = 10.0.40219.1
Project("{FAE04EC0-301F-11D3-BF4B-00C04F79EFBC}") = "C_Sharp_Lab_2024_02_14__Q2", "C_Sharp_Lab_2024_02_14__Q2\C_Sharp_Lab_2024_02_14__Q2.csproj", "{E7E91463-866F-4628-A670-92300262FBC1}"
EndProject
Global
	GlobalSection(SolutionConfigurationPlatforms) = preSolution
		Debug|Any CPU = Debug|Any CPU
		Release|Any CPU = Release|Any CPU
	EndGlobalSection
	GlobalSection(ProjectConfigurationPlatforms) = postSolution
		{E7E91463-866F-4628-A670-92300262FBC1}.Debug|Any CPU.ActiveCfg = Debug|Any CPU
		{E7E91463-866F-4628-A670-92300262FBC1}.Debug|Any CPU.Build.0 = Debug|Any CPU
		{E7E91463-866F-4628-A670-92300262FBC1}.Release|Any CPU.ActiveCfg = Release|Any CPU
		{E7E91463-866F-4628-A670-92300262FBC1}.Release|Any CPU.Build.0 = Release|Any CPU
	EndGlobalSection
	GlobalSection(SolutionProperties) = preSolution
		HideSolutionNode = FALSE
	EndGlobalSection
	GlobalSection(ExtensibilityGlobals) = postSolution
		SolutionGuid = {9042CBD9-EFFC-4316-B824-8BB7619B2FE4}
	EndGlobalSection
EndGlobal
