
Microsoft Visual Studio Solution File, Format Version 12.00
# Visual Studio Version 17
VisualStudioVersion = 17.8.34511.84
MinimumVisualStudioVersion = 10.0.40219.1
Project("{FAE04EC0-301F-11D3-BF4B-00C04F79EFBC}") = "C_Sharp_Lab_2024_02_14__Q3", "C_Sharp_Lab_2024_02_14__Q3\C_Sharp_Lab_2024_02_14__Q3.csproj", "{0D214F86-10C8-4337-9972-FC86297C9E3E}"
EndProject
Global
	GlobalSection(SolutionConfigurationPlatforms) = preSolution
		Debug|Any CPU = Debug|Any CPU
		Release|Any CPU = Release|Any CPU
	EndGlobalSection
	GlobalSection(ProjectConfigurationPlatforms) = postSolution
		{0D214F86-10C8-4337-9972-FC86297C9E3E}.Debug|Any CPU.ActiveCfg = Debug|Any CPU
		{0D214F86-10C8-4337-9972-FC86297C9E3E}.Debug|Any CPU.Build.0 = Debug|Any CPU
		{0D214F86-10C8-4337-9972-FC86297C9E3E}.Release|Any CPU.ActiveCfg = Release|Any CPU
		{0D214F86-10C8-4337-9972-FC86297C9E3E}.Release|Any CPU.Build.0 = Release|Any CPU
	EndGlobalSection
	GlobalSection(SolutionProperties) = preSolution
		HideSolutionNode = FALSE
	EndGlobalSection
	GlobalSection(ExtensibilityGlobals) = postSolution
		SolutionGuid = {16DEDA4B-1D16-4556-8A87-787A11A1B2FC}
	EndGlobalSection
EndGlobal
